
Microsoft Visual Studio Solution File, Format Version 12.00
# Visual Studio 14
VisualStudioVersion = 14.0.23107.0
MinimumVisualStudioVersion = 10.0.40219.1
Project("{FAE04EC0-301F-11D3-BF4B-00C04F79EFBC}") = "home.insurance.me", "home.insurance.me\home.insurance.me.csproj", "{B3F81FE1-659A-42F7-81A6-9C6790E9A118}"
EndProject
Global
	GlobalSection(SolutionConfigurationPlatforms) = preSolution
		Debug|Any CPU = Debug|Any CPU
		Release|Any CPU = Release|Any CPU
	EndGlobalSection
	GlobalSection(ProjectConfigurationPlatforms) = postSolution
		{B3F81FE1-659A-42F7-81A6-9C6790E9A118}.Debug|Any CPU.ActiveCfg = Debug|Any CPU
		{B3F81FE1-659A-42F7-81A6-9C6790E9A118}.Debug|Any CPU.Build.0 = Debug|Any CPU
		{B3F81FE1-659A-42F7-81A6-9C6790E9A118}.Release|Any CPU.ActiveCfg = Release|Any CPU
		{B3F81FE1-659A-42F7-81A6-9C6790E9A118}.Release|Any CPU.Build.0 = Release|Any CPU
	EndGlobalSection
	GlobalSection(SolutionProperties) = preSolution
		HideSolutionNode = FALSE
	EndGlobalSection
EndGlobal
